
Microsoft Visual Studio Solution File, Format Version 12.00
# Visual Studio Version 16
VisualStudioVersion = 16.0.29806.167
MinimumVisualStudioVersion = 10.0.40219.1
Project("{8BC9CEB8-8B4A-11D0-8D11-00A0C91BC942}") = "Lab5C++", "Lab5C++\Lab5C++.vcxproj", "{B5C94C6A-E1B4-4001-9238-EDFF23D6038B}"
EndProject
Global
	GlobalSection(SolutionConfigurationPlatforms) = preSolution
		Debug|x64 = Debug|x64
		Debug|x86 = Debug|x86
		Release|x64 = Release|x64
		Release|x86 = Release|x86
	EndGlobalSection
	GlobalSection(ProjectConfigurationPlatforms) = postSolution
		{B5C94C6A-E1B4-4001-9238-EDFF23D6038B}.Debug|x64.ActiveCfg = Debug|x64
		{B5C94C6A-E1B4-4001-9238-EDFF23D6038B}.Debug|x64.Build.0 = Debug|x64
		{B5C94C6A-E1B4-4001-9238-EDFF23D6038B}.Debug|x86.ActiveCfg = Debug|Win32
		{B5C94C6A-E1B4-4001-9238-EDFF23D6038B}.Debug|x86.Build.0 = Debug|Win32
		{B5C94C6A-E1B4-4001-9238-EDFF23D6038B}.Release|x64.ActiveCfg = Release|x64
		{B5C94C6A-E1B4-4001-9238-EDFF23D6038B}.Release|x64.Build.0 = Release|x64
		{B5C94C6A-E1B4-4001-9238-EDFF23D6038B}.Release|x86.ActiveCfg = Release|Win32
		{B5C94C6A-E1B4-4001-9238-EDFF23D6038B}.Release|x86.Build.0 = Release|Win32
	EndGlobalSection
	GlobalSection(SolutionProperties) = preSolution
		HideSolutionNode = FALSE
	EndGlobalSection
	GlobalSection(ExtensibilityGlobals) = postSolution
		SolutionGuid = {29AB3BC7-DE5E-4231-A16E-C6D6A7CE375E}
	EndGlobalSection
EndGlobal
